# This file was autogenerated by Stack.
# You should not edit this file by hand.
# For more information, please see the documentation at:
#   https://docs.haskellstack.org/en/stable/topics/lock_files

packages: []
snapshots:
- completed:
    sha256: 2a607bd38e5db8a8fe135e3b34d1200c42026340db4d0e21ac0c942c3b04dc27
    size: 620698
    url: https://raw.githubusercontent.com/commercialhaskell/stackage-snapshots/master/nightly/2025/1/2.yaml
  original: nightly-2025-01-02
